
Microsoft Visual Studio Solution File, Format Version 12.00
# Visual Studio Version 16
VisualStudioVersion = 16.0.29926.136
MinimumVisualStudioVersion = 10.0.40219.1
Project("{FAE04EC0-301F-11D3-BF4B-00C04F79EFBC}") = "intra_inf1034", "intra_inf1034.csproj", "{893B18C3-85FD-4BFE-AC9D-A97E4FC406D6}"
EndProject
Global
	GlobalSection(SolutionConfigurationPlatforms) = preSolution
		Debug|Any CPU = Debug|Any CPU
		Release|Any CPU = Release|Any CPU
	EndGlobalSection
	GlobalSection(ProjectConfigurationPlatforms) = postSolution
		{893B18C3-85FD-4BFE-AC9D-A97E4FC406D6}.Debug|Any CPU.ActiveCfg = Debug|Any CPU
		{893B18C3-85FD-4BFE-AC9D-A97E4FC406D6}.Debug|Any CPU.Build.0 = Debug|Any CPU
		{893B18C3-85FD-4BFE-AC9D-A97E4FC406D6}.Release|Any CPU.ActiveCfg = Release|Any CPU
		{893B18C3-85FD-4BFE-AC9D-A97E4FC406D6}.Release|Any CPU.Build.0 = Release|Any CPU
	EndGlobalSection
	GlobalSection(SolutionProperties) = preSolution
		HideSolutionNode = FALSE
	EndGlobalSection
	GlobalSection(ExtensibilityGlobals) = postSolution
		SolutionGuid = {17CC12F1-0982-434E-93C0-B1B058A48932}
	EndGlobalSection
EndGlobal
